
Microsoft Visual Studio Solution File, Format Version 12.00
# Visual Studio Version 17
VisualStudioVersion = 17.14.36414.22 d17.14
MinimumVisualStudioVersion = 10.0.40219.1
Project("{FAE04EC0-301F-11D3-BF4B-00C04F79EFBC}") = "abstractshape.cs", "abstractshape.cs\abstractshape.cs.csproj", "{FABC6853-FF90-4A41-AE2B-CEDFB316199F}"
EndProject
Global
	GlobalSection(SolutionConfigurationPlatforms) = preSolution
		Debug|Any CPU = Debug|Any CPU
		Release|Any CPU = Release|Any CPU
	EndGlobalSection
	GlobalSection(ProjectConfigurationPlatforms) = postSolution
		{FABC6853-FF90-4A41-AE2B-CEDFB316199F}.Debug|Any CPU.ActiveCfg = Debug|Any CPU
		{FABC6853-FF90-4A41-AE2B-CEDFB316199F}.Debug|Any CPU.Build.0 = Debug|Any CPU
		{FABC6853-FF90-4A41-AE2B-CEDFB316199F}.Release|Any CPU.ActiveCfg = Release|Any CPU
		{FABC6853-FF90-4A41-AE2B-CEDFB316199F}.Release|Any CPU.Build.0 = Release|Any CPU
	EndGlobalSection
	GlobalSection(SolutionProperties) = preSolution
		HideSolutionNode = FALSE
	EndGlobalSection
	GlobalSection(ExtensibilityGlobals) = postSolution
		SolutionGuid = {B4CEC117-3F70-4D7A-8B1D-05F09019789A}
	EndGlobalSection
EndGlobal
