
Microsoft Visual Studio Solution File, Format Version 12.00
# Visual Studio Version 17
VisualStudioVersion = 17.14.36327.8 d17.14
MinimumVisualStudioVersion = 10.0.40219.1
Project("{FAE04EC0-301F-11D3-BF4B-00C04F79EFBC}") = "Shape", "Shape\Shape.csproj", "{13343F65-20C6-4BB1-AFF6-9CD806661423}"
EndProject
Global
	GlobalSection(SolutionConfigurationPlatforms) = preSolution
		Debug|Any CPU = Debug|Any CPU
		Release|Any CPU = Release|Any CPU
	EndGlobalSection
	GlobalSection(ProjectConfigurationPlatforms) = postSolution
		{13343F65-20C6-4BB1-AFF6-9CD806661423}.Debug|Any CPU.ActiveCfg = Debug|Any CPU
		{13343F65-20C6-4BB1-AFF6-9CD806661423}.Debug|Any CPU.Build.0 = Debug|Any CPU
		{13343F65-20C6-4BB1-AFF6-9CD806661423}.Release|Any CPU.ActiveCfg = Release|Any CPU
		{13343F65-20C6-4BB1-AFF6-9CD806661423}.Release|Any CPU.Build.0 = Release|Any CPU
	EndGlobalSection
	GlobalSection(SolutionProperties) = preSolution
		HideSolutionNode = FALSE
	EndGlobalSection
	GlobalSection(ExtensibilityGlobals) = postSolution
		SolutionGuid = {8588EFCE-A1EE-4CF6-8EBD-ED38F12EA31B}
	EndGlobalSection
EndGlobal
